// !$*UTF8*$!
{
	archiveVersion = 1;
	classes = {
	};
	objectVersion = 46;
	objects = {

/* Begin PBXBuildFile section */
		553CC1ED19814CEE0066D1F9 /* Foundation.framework in Frameworks */ = {isa = PBXBuildFile; fileRef = 553CC1EC19814CEE0066D1F9 /* Foundation.framework */; };
		553CC1EF19814CEE0066D1F9 /* CoreGraphics.framework in Frameworks */ = {isa = PBXBuildFile; fileRef = 553CC1EE19814CEE0066D1F9 /* CoreGraphics.framework */; };
		553CC1F119814CEE0066D1F9 /* UIKit.framework in Frameworks */ = {isa = PBXBuildFile; fileRef = 553CC1F019814CEE0066D1F9 /* UIKit.framework */; };
		553CC1F719814CEE0066D1F9 /* InfoPlist.strings in Resources */ = {isa = PBXBuildFile; fileRef = 553CC1F519814CEE0066D1F9 /* InfoPlist.strings */; };
		553CC1F919814CEE0066D1F9 /* main.m in Sources */ = {isa = PBXBuildFile; fileRef = 553CC1F819814CEE0066D1F9 /* main.m */; };
		553CC1FD19814CEE0066D1F9 /* NCAppDelegate.m in Sources */ = {isa = PBXBuildFile; fileRef = 553CC1FC19814CEE0066D1F9 /* NCAppDelegate.m */; };
		553CC20019814CEE0066D1F9 /* Main.storyboard in Resources */ = {isa = PBXBuildFile; fileRef = 553CC1FE19814CEE0066D1F9 /* Main.storyboard */; };
		553CC20319814CEE0066D1F9 /* NCViewController.m in Sources */ = {isa = PBXBuildFile; fileRef = 553CC20219814CEE0066D1F9 /* NCViewController.m */; };
		553CC20519814CEE0066D1F9 /* Images.xcassets in Resources */ = {isa = PBXBuildFile; fileRef = 553CC20419814CEE0066D1F9 /* Images.xcassets */; };
		553CC20C19814CEE0066D1F9 /* XCTest.framework in Frameworks */ = {isa = PBXBuildFile; fileRef = 553CC20B19814CEE0066D1F9 /* XCTest.framework */; };
		553CC20D19814CEE0066D1F9 /* Foundation.framework in Frameworks */ = {isa = PBXBuildFile; fileRef = 553CC1EC19814CEE0066D1F9 /* Foundation.framework */; };
		553CC20E19814CEE0066D1F9 /* UIKit.framework in Frameworks */ = {isa = PBXBuildFile; fileRef = 553CC1F019814CEE0066D1F9 /* UIKit.framework */; };
		553CC21619814CEE0066D1F9 /* InfoPlist.strings in Resources */ = {isa = PBXBuildFile; fileRef = 553CC21419814CEE0066D1F9 /* InfoPlist.strings */; };
		553CC21819814CEE0066D1F9 /* Git_TestTests.m in Sources */ = {isa = PBXBuildFile; fileRef = 553CC21719814CEE0066D1F9 /* Git_TestTests.m */; };
		553CC2231981550E0066D1F9 /* NCTest.m in Sources */ = {isa = PBXBuildFile; fileRef = 553CC2221981550E0066D1F9 /* NCTest.m */; };
/* End PBXBuildFile section */

/* Begin PBXContainerItemProxy section */
		553CC20F19814CEE0066D1F9 /* PBXContainerItemProxy */ = {
			isa = PBXContainerItemProxy;
			containerPortal = 553CC1E119814CEE0066D1F9 /* Project object */;
			proxyType = 1;
			remoteGlobalIDString = 553CC1E819814CEE0066D1F9;
			remoteInfo = "Git Test";
		};
/* End PBXContainerItemProxy section */

/* Begin PBXFileReference section */
		553CC1E919814CEE0066D1F9 /* Git Test.app */ = {isa = PBXFileReference; explicitFileType = wrapper.application; includeInIndex = 0; path = "Git Test.app"; sourceTree = BUILT_PRODUCTS_DIR; };
		553CC1EC19814CEE0066D1F9 /* Foundation.framework */ = {isa = PBXFileReference; lastKnownFileType = wrapper.framework; name = Foundation.framework; path = System/Library/Frameworks/Foundation.framework; sourceTree = SDKROOT; };
		553CC1EE19814CEE0066D1F9 /* CoreGraphics.framework */ = {isa = PBXFileReference; lastKnownFileType = wrapper.framework; name = CoreGraphics.framework; path = System/Library/Frameworks/CoreGraphics.framework; sourceTree = SDKROOT; };
		553CC1F019814CEE0066D1F9 /* UIKit.framework */ = {isa = PBXFileReference; lastKnownFileType = wrapper.framework; name = UIKit.framework; path = System/Library/Frameworks/UIKit.framework; sourceTree = SDKROOT; };
		553CC1F419814CEE0066D1F9 /* Git Test-Info.plist */ = {isa = PBXFileReference; lastKnownFileType = text.plist.xml; path = "Git Test-Info.plist"; sourceTree = "<group>"; };
		553CC1F619814CEE0066D1F9 /* en */ = {isa = PBXFileReference; lastKnownFileType = text.plist.strings; name = en; path = en.lproj/InfoPlist.strings; sourceTree = "<group>"; };
		553CC1F819814CEE0066D1F9 /* main.m */ = {isa = PBXFileReference; lastKnownFileType = sourcecode.c.objc; path = main.m; sourceTree = "<group>"; };
		553CC1FA19814CEE0066D1F9 /* Git Test-Prefix.pch */ = {isa = PBXFileReference; lastKnownFileType = sourcecode.c.h; path = "Git Test-Prefix.pch"; sourceTree = "<group>"; };
		553CC1FB19814CEE0066D1F9 /* NCAppDelegate.h */ = {isa = PBXFileReference; lastKnownFileType = sourcecode.c.h; path = NCAppDelegate.h; sourceTree = "<group>"; };
		553CC1FC19814CEE0066D1F9 /* NCAppDelegate.m */ = {isa = PBXFileReference; lastKnownFileType = sourcecode.c.objc; path = NCAppDelegate.m; sourceTree = "<group>"; };
		553CC1FF19814CEE0066D1F9 /* Base */ = {isa = PBXFileReference; lastKnownFileType = file.storyboard; name = Base; path = Base.lproj/Main.storyboard; sourceTree = "<group>"; };
		553CC20119814CEE0066D1F9 /* NCViewController.h */ = {isa = PBXFileReference; lastKnownFileType = sourcecode.c.h; path = NCViewController.h; sourceTree = "<group>"; };
		553CC20219814CEE0066D1F9 /* NCViewController.m */ = {isa = PBXFileReference; lastKnownFileType = sourcecode.c.objc; path = NCViewController.m; sourceTree = "<group>"; };
		553CC20419814CEE0066D1F9 /* Images.xcassets */ = {isa = PBXFileReference; lastKnownFileType = folder.assetcatalog; path = Images.xcassets; sourceTree = "<group>"; };
		553CC20A19814CEE0066D1F9 /* Git TestTests.xctest */ = {isa = PBXFileReference; explicitFileType = wrapper.cfbundle; includeInIndex = 0; path = "Git TestTests.xctest"; sourceTree = BUILT_PRODUCTS_DIR; };
		553CC20B19814CEE0066D1F9 /* XCTest.framework */ = {isa = PBXFileReference; lastKnownFileType = wrapper.framework; name = XCTest.framework; path = Library/Frameworks/XCTest.framework; sourceTree = DEVELOPER_DIR; };
		553CC21319814CEE0066D1F9 /* Git TestTests-Info.plist */ = {isa = PBXFileReference; lastKnownFileType = text.plist.xml; path = "Git TestTests-Info.plist"; sourceTree = "<group>"; };
		553CC21519814CEE0066D1F9 /* en */ = {isa = PBXFileReference; lastKnownFileType = text.plist.strings; name = en; path = en.lproj/InfoPlist.strings; sourceTree = "<group>"; };
		553CC21719814CEE0066D1F9 /* Git_TestTests.m */ = {isa = PBXFileReference; lastKnownFileType = sourcecode.c.objc; path = Git_TestTests.m; sourceTree = "<group>"; };
		553CC2211981550E0066D1F9 /* NCTest.h */ = {isa = PBXFileReference; fileEncoding = 4; lastKnownFileType = sourcecode.c.h; path = NCTest.h; sourceTree = "<group>"; };
		553CC2221981550E0066D1F9 /* NCTest.m */ = {isa = PBXFileReference; fileEncoding = 4; lastKnownFileType = sourcecode.c.objc; path = NCTest.m; sourceTree = "<group>"; };
/* End PBXFileReference section */

/* Begin PBXFrameworksBuildPhase section */
		553CC1E619814CEE0066D1F9 /* Frameworks */ = {
			isa = PBXFrameworksBuildPhase;
			buildActionMask = 2147483647;
			files = (
				553CC1EF19814CEE0066D1F9 /* CoreGraphics.framework in Frameworks */,
				553CC1F119814CEE0066D1F9 /* UIKit.framework in Frameworks */,
				553CC1ED19814CEE0066D1F9 /* Foundation.framework in Frameworks */,
			);
			runOnlyForDeploymentPostprocessing = 0;
		};
		553CC20719814CEE0066D1F9 /* Frameworks */ = {
			isa = PBXFrameworksBuildPhase;
			buildActionMask = 2147483647;
			files = (
				553CC20C19814CEE0066D1F9 /* XCTest.framework in Frameworks */,
				553CC20E19814CEE0066D1F9 /* UIKit.framework in Frameworks */,
				553CC20D19814CEE0066D1F9 /* Foundation.framework in Frameworks */,
			);
			runOnlyForDeploymentPostprocessing = 0;
		};
/* End PBXFrameworksBuildPhase section */

/* Begin PBXGroup section */
		553CC1E019814CEE0066D1F9 = {
			isa = PBXGroup;
			children = (
				553CC1F219814CEE0066D1F9 /* Git Test */,
				553CC21119814CEE0066D1F9 /* Git TestTests */,
				553CC1EB19814CEE0066D1F9 /* Frameworks */,
				553CC1EA19814CEE0066D1F9 /* Products */,
			);
			sourceTree = "<group>";
		};
		553CC1EA19814CEE0066D1F9 /* Products */ = {
			isa = PBXGroup;
			children = (
				553CC1E919814CEE0066D1F9 /* Git Test.app */,
				553CC20A19814CEE0066D1F9 /* Git TestTests.xctest */,
			);
			name = Products;
			sourceTree = "<group>";
		};
		553CC1EB19814CEE0066D1F9 /* Frameworks */ = {
			isa = PBXGroup;
			children = (
				553CC1EC19814CEE0066D1F9 /* Foundation.framework */,
				553CC1EE19814CEE0066D1F9 /* CoreGraphics.framework */,
				553CC1F019814CEE0066D1F9 /* UIKit.framework */,
				553CC20B19814CEE0066D1F9 /* XCTest.framework */,
			);
			name = Frameworks;
			sourceTree = "<group>";
		};
		553CC1F219814CEE0066D1F9 /* Git Test */ = {
			isa = PBXGroup;
			children = (
				553CC1FB19814CEE0066D1F9 /* NCAppDelegate.h */,
				553CC1FC19814CEE0066D1F9 /* NCAppDelegate.m */,
				553CC1FE19814CEE0066D1F9 /* Main.storyboard */,
				553CC20119814CEE0066D1F9 /* NCViewController.h */,
				553CC20219814CEE0066D1F9 /* NCViewController.m */,
				553CC2211981550E0066D1F9 /* NCTest.h */,
				553CC2221981550E0066D1F9 /* NCTest.m */,
				553CC20419814CEE0066D1F9 /* Images.xcassets */,
				553CC1F319814CEE0066D1F9 /* Supporting Files */,
			);
			path = "Git Test";
			sourceTree = "<group>";
		};
		553CC1F319814CEE0066D1F9 /* Supporting Files */ = {
			isa = PBXGroup;
			children = (
				553CC1F419814CEE0066D1F9 /* Git Test-Info.plist */,
				553CC1F519814CEE0066D1F9 /* InfoPlist.strings */,
				553CC1F819814CEE0066D1F9 /* main.m */,
				553CC1FA19814CEE0066D1F9 /* Git Test-Prefix.pch */,
			);
			name = "Supporting Files";
			sourceTree = "<group>";
		};
		553CC21119814CEE0066D1F9 /* Git TestTests */ = {
			isa = PBXGroup;
			children = (
				553CC21719814CEE0066D1F9 /* Git_TestTests.m */,
				553CC21219814CEE0066D1F9 /* Supporting Files */,
			);
			path = "Git TestTests";
			sourceTree = "<group>";
		};
		553CC21219814CEE0066D1F9 /* Supporting Files */ = {
			isa = PBXGroup;
			children = (
				553CC21319814CEE0066D1F9 /* Git TestTests-Info.plist */,
				553CC21419814CEE0066D1F9 /* InfoPlist.strings */,
			);
			name = "Supporting Files";
			sourceTree = "<group>";
		};
/* End PBXGroup section */

/* Begin PBXNativeTarget section */
		553CC1E819814CEE0066D1F9 /* Git Test */ = {
			isa = PBXNativeTarget;
			buildConfigurationList = 553CC21B19814CEE0066D1F9 /* Build configuration list for PBXNativeTarget "Git Test" */;
			buildPhases = (
				553CC1E519814CEE0066D1F9 /* Sources */,
				553CC1E619814CEE0066D1F9 /* Frameworks */,
				553CC1E719814CEE0066D1F9 /* Resources */,
			);
			buildRules = (
			);
			dependencies = (
			);
			name = "Git Test";
			productName = "Git Test";
			productReference = 553CC1E919814CEE0066D1F9 /* Git Test.app */;
			productType = "com.apple.product-type.application";
		};
		553CC20919814CEE0066D1F9 /* Git TestTests */ = {
			isa = PBXNativeTarget;
			buildConfigurationList = 553CC21E19814CEE0066D1F9 /* Build configuration list for PBXNativeTarget "Git TestTests" */;
			buildPhases = (
				553CC20619814CEE0066D1F9 /* Sources */,
				553CC20719814CEE0066D1F9 /* Frameworks */,
				553CC20819814CEE0066D1F9 /* Resources */,
			);
			buildRules = (
			);
			dependencies = (
				553CC21019814CEE0066D1F9 /* PBXTargetDependency */,
			);
			name = "Git TestTests";
			productName = "Git TestTests";
			productReference = 553CC20A19814CEE0066D1F9 /* Git TestTests.xctest */;
			productType = "com.apple.product-type.bundle.unit-test";
		};
/* End PBXNativeTarget section */

/* Begin PBXProject section */
		553CC1E119814CEE0066D1F9 /* Project object */ = {
			isa = PBXProject;
			attributes = {
				CLASSPREFIX = NC;
				LastUpgradeCheck = 0510;
				ORGANIZATIONNAME = "Nebula Consultancy";
				TargetAttributes = {
					553CC20919814CEE0066D1F9 = {
						TestTargetID = 553CC1E819814CEE0066D1F9;
					};
				};
			};
			buildConfigurationList = 553CC1E419814CEE0066D1F9 /* Build configuration list for PBXProject "Git Test" */;
			compatibilityVersion = "Xcode 3.2";
			developmentRegion = English;
			hasScannedForEncodings = 0;
			knownRegions = (
				en,
				Base,
			);
			mainGroup = 553CC1E019814CEE0066D1F9;
			productRefGroup = 553CC1EA19814CEE0066D1F9 /* Products */;
			projectDirPath = "";
			projectRoot = "";
			targets = (
				553CC1E819814CEE0066D1F9 /* Git Test */,
				553CC20919814CEE0066D1F9 /* Git TestTests */,
			);
		};
/* End PBXProject section */

/* Begin PBXResourcesBuildPhase section */
		553CC1E719814CEE0066D1F9 /* Resources */ = {
			isa = PBXResourcesBuildPhase;
			buildActionMask = 2147483647;
			files = (
				553CC20519814CEE0066D1F9 /* Images.xcassets in Resources */,
				553CC1F719814CEE0066D1F9 /* InfoPlist.strings in Resources */,
				553CC20019814CEE0066D1F9 /* Main.storyboard in Resources */,
			);
			runOnlyForDeploymentPostprocessing = 0;
		};
		553CC20819814CEE0066D1F9 /* Resources */ = {
			isa = PBXResourcesBuildPhase;
			buildActionMask = 2147483647;
			files = (
				553CC21619814CEE0066D1F9 /* InfoPlist.strings in Resources */,
			);
			runOnlyForDeploymentPostprocessing = 0;
		};
/* End PBXResourcesBuildPhase section */

/* Begin PBXSourcesBuildPhase section */
		553CC1E519814CEE0066D1F9 /* Sources */ = {
			isa = PBXSourcesBuildPhase;
			buildActionMask = 2147483647;
			files = (
				553CC2231981550E0066D1F9 /* NCTest.m in Sources */,
				553CC20319814CEE0066D1F9 /* NCViewController.m in Sources */,
				553CC1F919814CEE0066D1F9 /* main.m in Sources */,
				553CC1FD19814CEE0066D1F9 /* NCAppDelegate.m in Sources */,
			);
			runOnlyForDeploymentPostprocessing = 0;
		};
		553CC20619814CEE0066D1F9 /* Sources */ = {
			isa = PBXSourcesBuildPhase;
			buildActionMask = 2147483647;
			files = (
				553CC21819814CEE0066D1F9 /* Git_TestTests.m in Sources */,
			);
			runOnlyForDeploymentPostprocessing = 0;
		};
/* End PBXSourcesBuildPhase section */

/* Begin PBXTargetDependency section */
		553CC21019814CEE0066D1F9 /* PBXTargetDependency */ = {
			isa = PBXTargetDependency;
			target = 553CC1E819814CEE0066D1F9 /* Git Test */;
			targetProxy = 553CC20F19814CEE0066D1F9 /* PBXContainerItemProxy */;
		};
/* End PBXTargetDependency section */

/* Begin PBXVariantGroup section */
		553CC1F519814CEE0066D1F9 /* InfoPlist.strings */ = {
			isa = PBXVariantGroup;
			children = (
				553CC1F619814CEE0066D1F9 /* en */,
			);
			name = InfoPlist.strings;
			sourceTree = "<group>";
		};
		553CC1FE19814CEE0066D1F9 /* Main.storyboard */ = {
			isa = PBXVariantGroup;
			children = (
				553CC1FF19814CEE0066D1F9 /* Base */,
			);
			name = Main.storyboard;
			sourceTree = "<group>";
		};
		553CC21419814CEE0066D1F9 /* InfoPlist.strings */ = {
			isa = PBXVariantGroup;
			children = (
				553CC21519814CEE0066D1F9 /* en */,
			);
			name = InfoPlist.strings;
			sourceTree = "<group>";
		};
/* End PBXVariantGroup section */

/* Begin XCBuildConfiguration section */
		553CC21919814CEE0066D1F9 /* Debug */ = {
			isa = XCBuildConfiguration;
			buildSettings = {
				ALWAYS_SEARCH_USER_PATHS = NO;
				CLANG_CXX_LANGUAGE_STANDARD = "gnu++0x";
				CLANG_CXX_LIBRARY = "libc++";
				CLANG_ENABLE_MODULES = YES;
				CLANG_ENABLE_OBJC_ARC = YES;
				CLANG_WARN_BOOL_CONVERSION = YES;
				CLANG_WARN_CONSTANT_CONVERSION = YES;
				CLANG_WARN_DIRECT_OBJC_ISA_USAGE = YES_ERROR;
				CLANG_WARN_EMPTY_BODY = YES;
				CLANG_WARN_ENUM_CONVERSION = YES;
				CLANG_WARN_INT_CONVERSION = YES;
				CLANG_WARN_OBJC_ROOT_CLASS = YES_ERROR;
				CLANG_WARN__DUPLICATE_METHOD_MATCH = YES;
				"CODE_SIGN_IDENTITY[sdk=iphoneos*]" = "iPhone Developer";
				COPY_PHASE_STRIP = NO;
				GCC_C_LANGUAGE_STANDARD = gnu99;
				GCC_DYNAMIC_NO_PIC = NO;
				GCC_OPTIMIZATION_LEVEL = 0;
				GCC_PREPROCESSOR_DEFINITIONS = (
					"DEBUG=1",
					"$(inherited)",
				);
				GCC_SYMBOLS_PRIVATE_EXTERN = NO;
				GCC_WARN_64_TO_32_BIT_CONVERSION = YES;
				GCC_WARN_ABOUT_RETURN_TYPE = YES_ERROR;
				GCC_WARN_UNDECLARED_SELECTOR = YES;
				GCC_WARN_UNINITIALIZED_AUTOS = YES_AGGRESSIVE;
				GCC_WARN_UNUSED_FUNCTION = YES;
				GCC_WARN_UNUSED_VARIABLE = YES;
				IPHONEOS_DEPLOYMENT_TARGET = 7.1;
				ONLY_ACTIVE_ARCH = YES;
				SDKROOT = iphoneos;
			};
			name = Debug;
		};
		553CC21A19814CEE0066D1F9 /* Release */ = {
			isa = XCBuildConfiguration;
			buildSettings = {
				ALWAYS_SEARCH_USER_PATHS = NO;
				CLANG_CXX_LANGUAGE_STANDARD = "gnu++0x";
				CLANG_CXX_LIBRARY = "libc++";
				CLANG_ENABLE_MODULES = YES;
				CLANG_ENABLE_OBJC_ARC = YES;
				CLANG_WARN_BOOL_CONVERSION = YES;
				CLANG_WARN_CONSTANT_CONVERSION = YES;
				CLANG_WARN_DIRECT_OBJC_ISA_USAGE = YES_ERROR;
				CLANG_WARN_EMPTY_BODY = YES;
				CLANG_WARN_ENUM_CONVERSION = YES;
				CLANG_WARN_INT_CONVERSION = YES;
				CLANG_WARN_OBJC_ROOT_CLASS = YES_ERROR;
				CLANG_WARN__DUPLICATE_METHOD_MATCH = YES;
				"CODE_SIGN_IDENTITY[sdk=iphoneos*]" = "iPhone Developer";
				COPY_PHASE_STRIP = YES;
				ENABLE_NS_ASSERTIONS = NO;
				GCC_C_LANGUAGE_STANDARD = gnu99;
				GCC_WARN_64_TO_32_BIT_CONVERSION = YES;
				GCC_WARN_ABOUT_RETURN_TYPE = YES_ERROR;
				GCC_WARN_UNDECLARED_SELECTOR = YES;
				GCC_WARN_UNINITIALIZED_AUTOS = YES_AGGRESSIVE;
				GCC_WARN_UNUSED_FUNCTION = YES;
				GCC_WARN_UNUSED_VARIABLE = YES;
				IPHONEOS_DEPLOYMENT_TARGET = 7.1;
				SDKROOT = iphoneos;
				VALIDATE_PRODUCT = YES;
			};
			name = Release;
		};
		553CC21C19814CEE0066D1F9 /* Debug */ = {
			isa = XCBuildConfiguration;
			buildSettings = {
				ASSETCATALOG_COMPILER_APPICON_NAME = AppIcon;
				ASSETCATALOG_COMPILER_LAUNCHIMAGE_NAME = LaunchImage;
				GCC_PRECOMPILE_PREFIX_HEADER = YES;
				GCC_PREFIX_HEADER = "Git Test/Git Test-Prefix.pch";
				INFOPLIST_FILE = "Git Test/Git Test-Info.plist";
				PRODUCT_NAME = "$(TARGET_NAME)";
				WRAPPER_EXTENSION = app;
			};
			name = Debug;
		};
		553CC21D19814CEE0066D1F9 /* Release */ = {
			isa = XCBuildConfiguration;
			buildSettings = {
				ASSETCATALOG_COMPILER_APPICON_NAME = AppIcon;
				ASSETCATALOG_COMPILER_LAUNCHIMAGE_NAME = LaunchImage;
				GCC_PRECOMPILE_PREFIX_HEADER = YES;
				GCC_PREFIX_HEADER = "Git Test/Git Test-Prefix.pch";
				INFOPLIST_FILE = "Git Test/Git Test-Info.plist";
				PRODUCT_NAME = "$(TARGET_NAME)";
				WRAPPER_EXTENSION = app;
			};
			name = Release;
		};
		553CC21F19814CEE0066D1F9 /* Debug */ = {
			isa = XCBuildConfiguration;
			buildSettings = {
				BUNDLE_LOADER = "$(BUILT_PRODUCTS_DIR)/Git Test.app/Git Test";
				FRAMEWORK_SEARCH_PATHS = (
					"$(SDKROOT)/Developer/Library/Frameworks",
					"$(inherited)",
					"$(DEVELOPER_FRAMEWORKS_DIR)",
				);
				GCC_PRECOMPILE_PREFIX_HEADER = YES;
				GCC_PREFIX_HEADER = "Git Test/Git Test-Prefix.pch";
				GCC_PREPROCESSOR_DEFINITIONS = (
					"DEBUG=1",
					"$(inherited)",
				);
				INFOPLIST_FILE = "Git TestTests/Git TestTests-Info.plist";
				PRODUCT_NAME = "$(TARGET_NAME)";
				TEST_HOST = "$(BUNDLE_LOADER)";
				WRAPPER_EXTENSION = xctest;
			};
			name = Debug;
		};
		553CC22019814CEE0066D1F9 /* Release */ = {
			isa = XCBuildConfiguration;
			buildSettings = {
				BUNDLE_LOADER = "$(BUILT_PRODUCTS_DIR)/Git Test.app/Git Test";
				FRAMEWORK_SEARCH_PATHS = (
					"$(SDKROOT)/Developer/Library/Frameworks",
					"$(inherited)",
					"$(DEVELOPER_FRAMEWORKS_DIR)",
				);
				GCC_PRECOMPILE_PREFIX_HEADER = YES;
				GCC_PREFIX_HEADER = "Git Test/Git Test-Prefix.pch";
				INFOPLIST_FILE = "Git TestTests/Git TestTests-Info.plist";
				PRODUCT_NAME = "$(TARGET_NAME)";
				TEST_HOST = "$(BUNDLE_LOADER)";
				WRAPPER_EXTENSION = xctest;
			};
			name = Release;
		};
/* End XCBuildConfiguration section */

/* Begin XCConfigurationList section */
		553CC1E419814CEE0066D1F9 /* Build configuration list for PBXProject "Git Test" */ = {
			isa = XCConfigurationList;
			buildConfigurations = (
				553CC21919814CEE0066D1F9 /* Debug */,
				553CC21A19814CEE0066D1F9 /* Release */,
			);
			defaultConfigurationIsVisible = 0;
			defaultConfigurationName = Release;
		};
		553CC21B19814CEE0066D1F9 /* Build configuration list for PBXNativeTarget "Git Test" */ = {
			isa = XCConfigurationList;
			buildConfigurations = (
				553CC21C19814CEE0066D1F9 /* Debug */,
				553CC21D19814CEE0066D1F9 /* Release */,
			);
			defaultConfigurationIsVisible = 0;
		};
		553CC21E19814CEE0066D1F9 /* Build configuration list for PBXNativeTarget "Git TestTests" */ = {
			isa = XCConfigurationList;
			buildConfigurations = (
				553CC21F19814CEE0066D1F9 /* Debug */,
				553CC22019814CEE0066D1F9 /* Release */,
			);
			defaultConfigurationIsVisible = 0;
		};
/* End XCConfigurationList section */
	};
	rootObject = 553CC1E119814CEE0066D1F9 /* Project object */;
}
